
Microsoft Visual Studio Solution File, Format Version 12.00
# Visual Studio Version 17
VisualStudioVersion = 17.10.35013.160
MinimumVisualStudioVersion = 10.0.40219.1
Project("{FAE04EC0-301F-11D3-BF4B-00C04F79EFBC}") = "BlazorAppDemo", "BlazorAppDemo\BlazorAppDemo.csproj", "{0A601DBD-D5EC-46B2-BA15-E7E02811BA77}"
EndProject
Global
	GlobalSection(SolutionConfigurationPlatforms) = preSolution
		Debug|Any CPU = Debug|Any CPU
		Release|Any CPU = Release|Any CPU
	EndGlobalSection
	GlobalSection(ProjectConfigurationPlatforms) = postSolution
		{0A601DBD-D5EC-46B2-BA15-E7E02811BA77}.Debug|Any CPU.ActiveCfg = Debug|Any CPU
		{0A601DBD-D5EC-46B2-BA15-E7E02811BA77}.Debug|Any CPU.Build.0 = Debug|Any CPU
		{0A601DBD-D5EC-46B2-BA15-E7E02811BA77}.Release|Any CPU.ActiveCfg = Release|Any CPU
		{0A601DBD-D5EC-46B2-BA15-E7E02811BA77}.Release|Any CPU.Build.0 = Release|Any CPU
	EndGlobalSection
	GlobalSection(SolutionProperties) = preSolution
		HideSolutionNode = FALSE
	EndGlobalSection
	GlobalSection(ExtensibilityGlobals) = postSolution
		SolutionGuid = {068BB0DE-61B3-44B2-8BB8-FDFC56D11F1F}
	EndGlobalSection
EndGlobal
