
Microsoft Visual Studio Solution File, Format Version 12.00
# Visual Studio Version 17
VisualStudioVersion = 17.10.35013.160
MinimumVisualStudioVersion = 10.0.40219.1
Project("{9A19103F-16F7-4668-BE54-9A1E7A4F7556}") = "BlazorAppDemo", "BlazorAppDemo\BlazorAppDemo.csproj", "{0A601DBD-D5EC-46B2-BA15-E7E02811BA77}"
EndProject
Project("{9A19103F-16F7-4668-BE54-9A1E7A4F7556}") = "BlazorAppWebAssembly", "BlazorAppWebAssembly\BlazorAppWebAssembly.csproj", "{02CF67BC-DBB9-4A3F-97EA-9505C7FAC9AC}"
EndProject
Project("{9A19103F-16F7-4668-BE54-9A1E7A4F7556}") = "LocationRisk", "..\..\..\..\Risk\LocationRisk\LocationRisk\LocationRisk\LocationRisk.csproj", "{D6290253-09A3-4C32-B36E-B4E6CA8FDB17}"
EndProject
Project("{9A19103F-16F7-4668-BE54-9A1E7A4F7556}") = "LocationRisk.Database", "..\..\..\..\Risk\LocationRisk\LocationRisk\LocationRisk.Database\LocationRisk.Database.csproj", "{DE6A8C69-F33A-45A3-828D-FCB100E24267}"
EndProject
Project("{9A19103F-16F7-4668-BE54-9A1E7A4F7556}") = "LocationRisk.Functions", "..\..\..\..\Risk\LocationRisk\LocationRisk\LocationRisk.Functions\LocationRisk.Functions.csproj", "{C3FF6A32-8952-4FFE-BCFB-611A224BAB0A}"
EndProject
Project("{9A19103F-16F7-4668-BE54-9A1E7A4F7556}") = "LocationRisk.Variants", "..\..\..\..\Risk\LocationRisk\LocationRisk\LocationRisk.Variants\LocationRisk.Variants.csproj", "{9861F3C0-2205-4B27-A364-08ABFA8BD43D}"
EndProject
Global
	GlobalSection(SolutionConfigurationPlatforms) = preSolution
		Debug|Any CPU = Debug|Any CPU
		Release|Any CPU = Release|Any CPU
	EndGlobalSection
	GlobalSection(ProjectConfigurationPlatforms) = postSolution
		{0A601DBD-D5EC-46B2-BA15-E7E02811BA77}.Debug|Any CPU.ActiveCfg = Debug|Any CPU
		{0A601DBD-D5EC-46B2-BA15-E7E02811BA77}.Debug|Any CPU.Build.0 = Debug|Any CPU
		{0A601DBD-D5EC-46B2-BA15-E7E02811BA77}.Release|Any CPU.ActiveCfg = Release|Any CPU
		{0A601DBD-D5EC-46B2-BA15-E7E02811BA77}.Release|Any CPU.Build.0 = Release|Any CPU
		{02CF67BC-DBB9-4A3F-97EA-9505C7FAC9AC}.Debug|Any CPU.ActiveCfg = Debug|Any CPU
		{02CF67BC-DBB9-4A3F-97EA-9505C7FAC9AC}.Debug|Any CPU.Build.0 = Debug|Any CPU
		{02CF67BC-DBB9-4A3F-97EA-9505C7FAC9AC}.Release|Any CPU.ActiveCfg = Release|Any CPU
		{02CF67BC-DBB9-4A3F-97EA-9505C7FAC9AC}.Release|Any CPU.Build.0 = Release|Any CPU
		{D6290253-09A3-4C32-B36E-B4E6CA8FDB17}.Debug|Any CPU.ActiveCfg = Debug|Any CPU
		{D6290253-09A3-4C32-B36E-B4E6CA8FDB17}.Debug|Any CPU.Build.0 = Debug|Any CPU
		{D6290253-09A3-4C32-B36E-B4E6CA8FDB17}.Release|Any CPU.ActiveCfg = Release|Any CPU
		{D6290253-09A3-4C32-B36E-B4E6CA8FDB17}.Release|Any CPU.Build.0 = Release|Any CPU
		{DE6A8C69-F33A-45A3-828D-FCB100E24267}.Debug|Any CPU.ActiveCfg = Debug|Any CPU
		{DE6A8C69-F33A-45A3-828D-FCB100E24267}.Debug|Any CPU.Build.0 = Debug|Any CPU
		{DE6A8C69-F33A-45A3-828D-FCB100E24267}.Release|Any CPU.ActiveCfg = Release|Any CPU
		{DE6A8C69-F33A-45A3-828D-FCB100E24267}.Release|Any CPU.Build.0 = Release|Any CPU
		{C3FF6A32-8952-4FFE-BCFB-611A224BAB0A}.Debug|Any CPU.ActiveCfg = Debug|Any CPU
		{C3FF6A32-8952-4FFE-BCFB-611A224BAB0A}.Debug|Any CPU.Build.0 = Debug|Any CPU
		{C3FF6A32-8952-4FFE-BCFB-611A224BAB0A}.Release|Any CPU.ActiveCfg = Release|Any CPU
		{C3FF6A32-8952-4FFE-BCFB-611A224BAB0A}.Release|Any CPU.Build.0 = Release|Any CPU
		{9861F3C0-2205-4B27-A364-08ABFA8BD43D}.Debug|Any CPU.ActiveCfg = Debug|Any CPU
		{9861F3C0-2205-4B27-A364-08ABFA8BD43D}.Debug|Any CPU.Build.0 = Debug|Any CPU
		{9861F3C0-2205-4B27-A364-08ABFA8BD43D}.Release|Any CPU.ActiveCfg = Release|Any CPU
		{9861F3C0-2205-4B27-A364-08ABFA8BD43D}.Release|Any CPU.Build.0 = Release|Any CPU
	EndGlobalSection
	GlobalSection(SolutionProperties) = preSolution
		HideSolutionNode = FALSE
	EndGlobalSection
	GlobalSection(ExtensibilityGlobals) = postSolution
		SolutionGuid = {068BB0DE-61B3-44B2-8BB8-FDFC56D11F1F}
	EndGlobalSection
EndGlobal
